// !$*UTF8*$!
{
	archiveVersion = 1;
	classes = {
	};
	objectVersion = 55;
	objects = {

/* Begin PBXBuildFile section */
		25935A0227B24B0B00BD6A98 /* ThanksReceiptApp.swift in Sources */ = {isa = PBXBuildFile; fileRef = 25935A0127B24B0B00BD6A98 /* ThanksReceiptApp.swift */; };
		25935A0627B24B0D00BD6A98 /* Assets.xcassets in Resources */ = {isa = PBXBuildFile; fileRef = 25935A0527B24B0D00BD6A98 /* Assets.xcassets */; };
		25935A0927B24B0D00BD6A98 /* Preview Assets.xcassets in Resources */ = {isa = PBXBuildFile; fileRef = 25935A0827B24B0D00BD6A98 /* Preview Assets.xcassets */; };
		25935A1327B24B0D00BD6A98 /* ThanksReceiptTests.swift in Sources */ = {isa = PBXBuildFile; fileRef = 25935A1227B24B0D00BD6A98 /* ThanksReceiptTests.swift */; };
		25935A1D27B24B0D00BD6A98 /* ThanksReceiptUITests.swift in Sources */ = {isa = PBXBuildFile; fileRef = 25935A1C27B24B0D00BD6A98 /* ThanksReceiptUITests.swift */; };
		25935A1F27B24B0D00BD6A98 /* ThanksReceiptUITestsLaunchTests.swift in Sources */ = {isa = PBXBuildFile; fileRef = 25935A1E27B24B0D00BD6A98 /* ThanksReceiptUITestsLaunchTests.swift */; };
		25935A2D27B24D7100BD6A98 /* ReceiptItem.swift in Sources */ = {isa = PBXBuildFile; fileRef = 25935A2C27B24D7100BD6A98 /* ReceiptItem.swift */; };
		25935A3027B25A8500BD6A98 /* DataProvider.swift in Sources */ = {isa = PBXBuildFile; fileRef = 25935A2F27B25A8500BD6A98 /* DataProvider.swift */; };
		25935A3327B25A9900BD6A98 /* DataProviding.swift in Sources */ = {isa = PBXBuildFile; fileRef = 25935A3227B25A9900BD6A98 /* DataProviding.swift */; };
		25935A3627B25DF600BD6A98 /* ReceiptView.swift in Sources */ = {isa = PBXBuildFile; fileRef = 25935A3527B25DF600BD6A98 /* ReceiptView.swift */; };
		25935A3927B25E0900BD6A98 /* ReceiptModel.swift in Sources */ = {isa = PBXBuildFile; fileRef = 25935A3827B25E0900BD6A98 /* ReceiptModel.swift */; };
		25935A3B27B25EC200BD6A98 /* ReceiptInputView.swift in Sources */ = {isa = PBXBuildFile; fileRef = 25935A3A27B25EC200BD6A98 /* ReceiptInputView.swift */; };
		25935A3D27B25ECE00BD6A98 /* ReceiptInputModel.swift in Sources */ = {isa = PBXBuildFile; fileRef = 25935A3C27B25ECE00BD6A98 /* ReceiptInputModel.swift */; };
		25BC488927B354210031E0D2 /* DungGeunMo.otf in Resources */ = {isa = PBXBuildFile; fileRef = 25BC488827B354210031E0D2 /* DungGeunMo.otf */; };
		25BC488D27B3552B0031E0D2 /* CustomFontModifier.swift in Sources */ = {isa = PBXBuildFile; fileRef = 25BC488C27B3552B0031E0D2 /* CustomFontModifier.swift */; };
		25BC489127B3EA900031E0D2 /* Receipt.swift in Sources */ = {isa = PBXBuildFile; fileRef = 25BC489027B3EA900031E0D2 /* Receipt.swift */; };
		25BC489327B3F60A0031E0D2 /* PagingController.swift in Sources */ = {isa = PBXBuildFile; fileRef = 25BC489227B3F60A0031E0D2 /* PagingController.swift */; };
		25BC489827B5F1D60031E0D2 /* LineStroke.swift in Sources */ = {isa = PBXBuildFile; fileRef = 25BC489727B5F1D60031E0D2 /* LineStroke.swift */; };
		25BC489A27B5F3F80031E0D2 /* ReceiptHeader.swift in Sources */ = {isa = PBXBuildFile; fileRef = 25BC489927B5F3F80031E0D2 /* ReceiptHeader.swift */; };
		25BC489C27B5F4010031E0D2 /* ReceiptFooter.swift in Sources */ = {isa = PBXBuildFile; fileRef = 25BC489B27B5F4010031E0D2 /* ReceiptFooter.swift */; };
		25BC489E27B5F4C40031E0D2 /* ReceiptItemRow.swift in Sources */ = {isa = PBXBuildFile; fileRef = 25BC489D27B5F4C40031E0D2 /* ReceiptItemRow.swift */; };
		25BC48A027B6582E0031E0D2 /* Haptic.swift in Sources */ = {isa = PBXBuildFile; fileRef = 25BC489F27B6582E0031E0D2 /* Haptic.swift */; };
		25BC48A227B658590031E0D2 /* Blur.swift in Sources */ = {isa = PBXBuildFile; fileRef = 25BC48A127B658590031E0D2 /* Blur.swift */; };
		711AA35CFACCAE8042336750 /* Pods_ThanksReceipt.framework in Frameworks */ = {isa = PBXBuildFile; fileRef = DB26A82CE44CC4D1D95902A8 /* Pods_ThanksReceipt.framework */; };
		A50A90776502B4F8D58AD388 /* Pods_ThanksReceipt_ThanksReceiptUITests.framework in Frameworks */ = {isa = PBXBuildFile; fileRef = 30161CA9D1F807C6C5674087 /* Pods_ThanksReceipt_ThanksReceiptUITests.framework */; };
		D6A0CCE215229ED14CF4D4D5 /* Pods_ThanksReceiptTests.framework in Frameworks */ = {isa = PBXBuildFile; fileRef = E76E38ADD6D2A15681FD8C23 /* Pods_ThanksReceiptTests.framework */; };
/* End PBXBuildFile section */

/* Begin PBXContainerItemProxy section */
		25935A0F27B24B0D00BD6A98 /* PBXContainerItemProxy */ = {
			isa = PBXContainerItemProxy;
			containerPortal = 259359F627B24B0B00BD6A98 /* Project object */;
			proxyType = 1;
			remoteGlobalIDString = 259359FD27B24B0B00BD6A98;
			remoteInfo = ThanksReceipt;
		};
		25935A1927B24B0D00BD6A98 /* PBXContainerItemProxy */ = {
			isa = PBXContainerItemProxy;
			containerPortal = 259359F627B24B0B00BD6A98 /* Project object */;
			proxyType = 1;
			remoteGlobalIDString = 259359FD27B24B0B00BD6A98;
			remoteInfo = ThanksReceipt;
		};
/* End PBXContainerItemProxy section */

/* Begin PBXFileReference section */
		259359FE27B24B0B00BD6A98 /* ThanksReceipt.app */ = {isa = PBXFileReference; explicitFileType = wrapper.application; includeInIndex = 0; path = ThanksReceipt.app; sourceTree = BUILT_PRODUCTS_DIR; };
		25935A0127B24B0B00BD6A98 /* ThanksReceiptApp.swift */ = {isa = PBXFileReference; lastKnownFileType = sourcecode.swift; path = ThanksReceiptApp.swift; sourceTree = "<group>"; };
		25935A0527B24B0D00BD6A98 /* Assets.xcassets */ = {isa = PBXFileReference; lastKnownFileType = folder.assetcatalog; path = Assets.xcassets; sourceTree = "<group>"; };
		25935A0827B24B0D00BD6A98 /* Preview Assets.xcassets */ = {isa = PBXFileReference; lastKnownFileType = folder.assetcatalog; path = "Preview Assets.xcassets"; sourceTree = "<group>"; };
		25935A0E27B24B0D00BD6A98 /* ThanksReceiptTests.xctest */ = {isa = PBXFileReference; explicitFileType = wrapper.cfbundle; includeInIndex = 0; path = ThanksReceiptTests.xctest; sourceTree = BUILT_PRODUCTS_DIR; };
		25935A1227B24B0D00BD6A98 /* ThanksReceiptTests.swift */ = {isa = PBXFileReference; lastKnownFileType = sourcecode.swift; path = ThanksReceiptTests.swift; sourceTree = "<group>"; };
		25935A1827B24B0D00BD6A98 /* ThanksReceiptUITests.xctest */ = {isa = PBXFileReference; explicitFileType = wrapper.cfbundle; includeInIndex = 0; path = ThanksReceiptUITests.xctest; sourceTree = BUILT_PRODUCTS_DIR; };
		25935A1C27B24B0D00BD6A98 /* ThanksReceiptUITests.swift */ = {isa = PBXFileReference; lastKnownFileType = sourcecode.swift; path = ThanksReceiptUITests.swift; sourceTree = "<group>"; };
		25935A1E27B24B0D00BD6A98 /* ThanksReceiptUITestsLaunchTests.swift */ = {isa = PBXFileReference; lastKnownFileType = sourcecode.swift; path = ThanksReceiptUITestsLaunchTests.swift; sourceTree = "<group>"; };
		25935A2C27B24D7100BD6A98 /* ReceiptItem.swift */ = {isa = PBXFileReference; lastKnownFileType = sourcecode.swift; path = ReceiptItem.swift; sourceTree = "<group>"; };
		25935A2F27B25A8500BD6A98 /* DataProvider.swift */ = {isa = PBXFileReference; lastKnownFileType = sourcecode.swift; path = DataProvider.swift; sourceTree = "<group>"; };
		25935A3227B25A9900BD6A98 /* DataProviding.swift */ = {isa = PBXFileReference; lastKnownFileType = sourcecode.swift; path = DataProviding.swift; sourceTree = "<group>"; };
		25935A3527B25DF600BD6A98 /* ReceiptView.swift */ = {isa = PBXFileReference; lastKnownFileType = sourcecode.swift; path = ReceiptView.swift; sourceTree = "<group>"; };
		25935A3827B25E0900BD6A98 /* ReceiptModel.swift */ = {isa = PBXFileReference; lastKnownFileType = sourcecode.swift; path = ReceiptModel.swift; sourceTree = "<group>"; };
		25935A3A27B25EC200BD6A98 /* ReceiptInputView.swift */ = {isa = PBXFileReference; lastKnownFileType = sourcecode.swift; path = ReceiptInputView.swift; sourceTree = "<group>"; };
		25935A3C27B25ECE00BD6A98 /* ReceiptInputModel.swift */ = {isa = PBXFileReference; lastKnownFileType = sourcecode.swift; path = ReceiptInputModel.swift; sourceTree = "<group>"; };
		25BC488827B354210031E0D2 /* DungGeunMo.otf */ = {isa = PBXFileReference; lastKnownFileType = file; path = DungGeunMo.otf; sourceTree = "<group>"; };
		25BC488A27B3547F0031E0D2 /* Info.plist */ = {isa = PBXFileReference; lastKnownFileType = text.plist; path = Info.plist; sourceTree = "<group>"; };
		25BC488C27B3552B0031E0D2 /* CustomFontModifier.swift */ = {isa = PBXFileReference; lastKnownFileType = sourcecode.swift; path = CustomFontModifier.swift; sourceTree = "<group>"; };
		25BC489027B3EA900031E0D2 /* Receipt.swift */ = {isa = PBXFileReference; lastKnownFileType = sourcecode.swift; path = Receipt.swift; sourceTree = "<group>"; };
		25BC489227B3F60A0031E0D2 /* PagingController.swift */ = {isa = PBXFileReference; lastKnownFileType = sourcecode.swift; path = PagingController.swift; sourceTree = "<group>"; };
		25BC489727B5F1D60031E0D2 /* LineStroke.swift */ = {isa = PBXFileReference; lastKnownFileType = sourcecode.swift; path = LineStroke.swift; sourceTree = "<group>"; };
		25BC489927B5F3F80031E0D2 /* ReceiptHeader.swift */ = {isa = PBXFileReference; lastKnownFileType = sourcecode.swift; path = ReceiptHeader.swift; sourceTree = "<group>"; };
		25BC489B27B5F4010031E0D2 /* ReceiptFooter.swift */ = {isa = PBXFileReference; lastKnownFileType = sourcecode.swift; path = ReceiptFooter.swift; sourceTree = "<group>"; };
		25BC489D27B5F4C40031E0D2 /* ReceiptItemRow.swift */ = {isa = PBXFileReference; lastKnownFileType = sourcecode.swift; path = ReceiptItemRow.swift; sourceTree = "<group>"; };
		25BC489F27B6582E0031E0D2 /* Haptic.swift */ = {isa = PBXFileReference; lastKnownFileType = sourcecode.swift; path = Haptic.swift; sourceTree = "<group>"; };
		25BC48A127B658590031E0D2 /* Blur.swift */ = {isa = PBXFileReference; lastKnownFileType = sourcecode.swift; path = Blur.swift; sourceTree = "<group>"; };
		2779DE4EF50BB24ABB0A6B72 /* Pods-ThanksReceipt.release.xcconfig */ = {isa = PBXFileReference; includeInIndex = 1; lastKnownFileType = text.xcconfig; name = "Pods-ThanksReceipt.release.xcconfig"; path = "Target Support Files/Pods-ThanksReceipt/Pods-ThanksReceipt.release.xcconfig"; sourceTree = "<group>"; };
		30161CA9D1F807C6C5674087 /* Pods_ThanksReceipt_ThanksReceiptUITests.framework */ = {isa = PBXFileReference; explicitFileType = wrapper.framework; includeInIndex = 0; path = Pods_ThanksReceipt_ThanksReceiptUITests.framework; sourceTree = BUILT_PRODUCTS_DIR; };
		43B9255E90E596ED5E92489A /* Pods-ThanksReceiptTests.debug.xcconfig */ = {isa = PBXFileReference; includeInIndex = 1; lastKnownFileType = text.xcconfig; name = "Pods-ThanksReceiptTests.debug.xcconfig"; path = "Target Support Files/Pods-ThanksReceiptTests/Pods-ThanksReceiptTests.debug.xcconfig"; sourceTree = "<group>"; };
		4D5213F43EDBD2145DAE70A4 /* Pods-ThanksReceiptTests.release.xcconfig */ = {isa = PBXFileReference; includeInIndex = 1; lastKnownFileType = text.xcconfig; name = "Pods-ThanksReceiptTests.release.xcconfig"; path = "Target Support Files/Pods-ThanksReceiptTests/Pods-ThanksReceiptTests.release.xcconfig"; sourceTree = "<group>"; };
		5CD36389612653F00AD71BFC /* Pods-ThanksReceipt-ThanksReceiptUITests.release.xcconfig */ = {isa = PBXFileReference; includeInIndex = 1; lastKnownFileType = text.xcconfig; name = "Pods-ThanksReceipt-ThanksReceiptUITests.release.xcconfig"; path = "Target Support Files/Pods-ThanksReceipt-ThanksReceiptUITests/Pods-ThanksReceipt-ThanksReceiptUITests.release.xcconfig"; sourceTree = "<group>"; };
		6E9BDE8409AC6428F2B3C825 /* Pods-ThanksReceipt.debug.xcconfig */ = {isa = PBXFileReference; includeInIndex = 1; lastKnownFileType = text.xcconfig; name = "Pods-ThanksReceipt.debug.xcconfig"; path = "Target Support Files/Pods-ThanksReceipt/Pods-ThanksReceipt.debug.xcconfig"; sourceTree = "<group>"; };
		A2B2262D4D8D880605038ECA /* Pods-ThanksReceipt-ThanksReceiptUITests.debug.xcconfig */ = {isa = PBXFileReference; includeInIndex = 1; lastKnownFileType = text.xcconfig; name = "Pods-ThanksReceipt-ThanksReceiptUITests.debug.xcconfig"; path = "Target Support Files/Pods-ThanksReceipt-ThanksReceiptUITests/Pods-ThanksReceipt-ThanksReceiptUITests.debug.xcconfig"; sourceTree = "<group>"; };
		DB26A82CE44CC4D1D95902A8 /* Pods_ThanksReceipt.framework */ = {isa = PBXFileReference; explicitFileType = wrapper.framework; includeInIndex = 0; path = Pods_ThanksReceipt.framework; sourceTree = BUILT_PRODUCTS_DIR; };
		E76E38ADD6D2A15681FD8C23 /* Pods_ThanksReceiptTests.framework */ = {isa = PBXFileReference; explicitFileType = wrapper.framework; includeInIndex = 0; path = Pods_ThanksReceiptTests.framework; sourceTree = BUILT_PRODUCTS_DIR; };
/* End PBXFileReference section */

/* Begin PBXFrameworksBuildPhase section */
		259359FB27B24B0B00BD6A98 /* Frameworks */ = {
			isa = PBXFrameworksBuildPhase;
			buildActionMask = 2147483647;
			files = (
				711AA35CFACCAE8042336750 /* Pods_ThanksReceipt.framework in Frameworks */,
			);
			runOnlyForDeploymentPostprocessing = 0;
		};
		25935A0B27B24B0D00BD6A98 /* Frameworks */ = {
			isa = PBXFrameworksBuildPhase;
			buildActionMask = 2147483647;
			files = (
				D6A0CCE215229ED14CF4D4D5 /* Pods_ThanksReceiptTests.framework in Frameworks */,
			);
			runOnlyForDeploymentPostprocessing = 0;
		};
		25935A1527B24B0D00BD6A98 /* Frameworks */ = {
			isa = PBXFrameworksBuildPhase;
			buildActionMask = 2147483647;
			files = (
				A50A90776502B4F8D58AD388 /* Pods_ThanksReceipt_ThanksReceiptUITests.framework in Frameworks */,
			);
			runOnlyForDeploymentPostprocessing = 0;
		};
/* End PBXFrameworksBuildPhase section */

/* Begin PBXGroup section */
		1266F8979992F849EB618659 /* Pods */ = {
			isa = PBXGroup;
			children = (
				6E9BDE8409AC6428F2B3C825 /* Pods-ThanksReceipt.debug.xcconfig */,
				2779DE4EF50BB24ABB0A6B72 /* Pods-ThanksReceipt.release.xcconfig */,
				A2B2262D4D8D880605038ECA /* Pods-ThanksReceipt-ThanksReceiptUITests.debug.xcconfig */,
				5CD36389612653F00AD71BFC /* Pods-ThanksReceipt-ThanksReceiptUITests.release.xcconfig */,
				43B9255E90E596ED5E92489A /* Pods-ThanksReceiptTests.debug.xcconfig */,
				4D5213F43EDBD2145DAE70A4 /* Pods-ThanksReceiptTests.release.xcconfig */,
			);
			path = Pods;
			sourceTree = "<group>";
		};
		259359F527B24B0B00BD6A98 = {
			isa = PBXGroup;
			children = (
				25935A0027B24B0B00BD6A98 /* ThanksReceipt */,
				25935A1127B24B0D00BD6A98 /* ThanksReceiptTests */,
				25935A1B27B24B0D00BD6A98 /* ThanksReceiptUITests */,
				259359FF27B24B0B00BD6A98 /* Products */,
				1266F8979992F849EB618659 /* Pods */,
				718F2274F4FA50C30F3F2F75 /* Frameworks */,
			);
			sourceTree = "<group>";
		};
		259359FF27B24B0B00BD6A98 /* Products */ = {
			isa = PBXGroup;
			children = (
				259359FE27B24B0B00BD6A98 /* ThanksReceipt.app */,
				25935A0E27B24B0D00BD6A98 /* ThanksReceiptTests.xctest */,
				25935A1827B24B0D00BD6A98 /* ThanksReceiptUITests.xctest */,
			);
			name = Products;
			sourceTree = "<group>";
		};
		25935A0027B24B0B00BD6A98 /* ThanksReceipt */ = {
			isa = PBXGroup;
			children = (
				25BC488A27B3547F0031E0D2 /* Info.plist */,
				25BC488727B354070031E0D2 /* Font */,
				25BC489427B3FCAB0031E0D2 /* Util */,
				25935A2E27B25A7400BD6A98 /* Service */,
				25935A2B27B24BB100BD6A98 /* Models */,
				25935A3427B25DD900BD6A98 /* Scene */,
				25935A0127B24B0B00BD6A98 /* ThanksReceiptApp.swift */,
				25935A0527B24B0D00BD6A98 /* Assets.xcassets */,
				25935A0727B24B0D00BD6A98 /* Preview Content */,
			);
			path = ThanksReceipt;
			sourceTree = "<group>";
		};
		25935A0727B24B0D00BD6A98 /* Preview Content */ = {
			isa = PBXGroup;
			children = (
				25935A0827B24B0D00BD6A98 /* Preview Assets.xcassets */,
			);
			path = "Preview Content";
			sourceTree = "<group>";
		};
		25935A1127B24B0D00BD6A98 /* ThanksReceiptTests */ = {
			isa = PBXGroup;
			children = (
				25935A1227B24B0D00BD6A98 /* ThanksReceiptTests.swift */,
			);
			path = ThanksReceiptTests;
			sourceTree = "<group>";
		};
		25935A1B27B24B0D00BD6A98 /* ThanksReceiptUITests */ = {
			isa = PBXGroup;
			children = (
				25935A1C27B24B0D00BD6A98 /* ThanksReceiptUITests.swift */,
				25935A1E27B24B0D00BD6A98 /* ThanksReceiptUITestsLaunchTests.swift */,
			);
			path = ThanksReceiptUITests;
			sourceTree = "<group>";
		};
		25935A2B27B24BB100BD6A98 /* Models */ = {
			isa = PBXGroup;
			children = (
				25935A2C27B24D7100BD6A98 /* ReceiptItem.swift */,
			);
			path = Models;
			sourceTree = "<group>";
		};
		25935A2E27B25A7400BD6A98 /* Service */ = {
			isa = PBXGroup;
			children = (
				25BC488E27B3EA640031E0D2 /* Data */,
				25935A3127B25A8C00BD6A98 /* Protocols */,
				25935A2F27B25A8500BD6A98 /* DataProvider.swift */,
			);
			path = Service;
			sourceTree = "<group>";
		};
		25935A3127B25A8C00BD6A98 /* Protocols */ = {
			isa = PBXGroup;
			children = (
				25935A3227B25A9900BD6A98 /* DataProviding.swift */,
			);
			path = Protocols;
			sourceTree = "<group>";
		};
		25935A3427B25DD900BD6A98 /* Scene */ = {
			isa = PBXGroup;
			children = (
				25BC488B27B355000031E0D2 /* Modifiers */,
				25935A3E27B25F4800BD6A98 /* Views */,
				25935A3727B25DFF00BD6A98 /* Models */,
				25935A3527B25DF600BD6A98 /* ReceiptView.swift */,
				25935A3A27B25EC200BD6A98 /* ReceiptInputView.swift */,
			);
			path = Scene;
			sourceTree = "<group>";
		};
		25935A3727B25DFF00BD6A98 /* Models */ = {
			isa = PBXGroup;
			children = (
				25935A3827B25E0900BD6A98 /* ReceiptModel.swift */,
				25935A3C27B25ECE00BD6A98 /* ReceiptInputModel.swift */,
			);
			path = Models;
			sourceTree = "<group>";
		};
		25935A3E27B25F4800BD6A98 /* Views */ = {
			isa = PBXGroup;
			children = (
				25BC489727B5F1D60031E0D2 /* LineStroke.swift */,
				25BC489927B5F3F80031E0D2 /* ReceiptHeader.swift */,
				25BC489B27B5F4010031E0D2 /* ReceiptFooter.swift */,
				25BC489D27B5F4C40031E0D2 /* ReceiptItemRow.swift */,
				25BC48A127B658590031E0D2 /* Blur.swift */,
			);
			path = Views;
			sourceTree = "<group>";
		};
		25BC488727B354070031E0D2 /* Font */ = {
			isa = PBXGroup;
			children = (
				25BC488827B354210031E0D2 /* DungGeunMo.otf */,
			);
			path = Font;
			sourceTree = "<group>";
		};
		25BC488B27B355000031E0D2 /* Modifiers */ = {
			isa = PBXGroup;
			children = (
				25BC488C27B3552B0031E0D2 /* CustomFontModifier.swift */,
			);
			path = Modifiers;
			sourceTree = "<group>";
		};
		25BC488E27B3EA640031E0D2 /* Data */ = {
			isa = PBXGroup;
			children = (
				25BC488F27B3EA6C0031E0D2 /* Model */,
			);
			path = Data;
			sourceTree = "<group>";
		};
		25BC488F27B3EA6C0031E0D2 /* Model */ = {
			isa = PBXGroup;
			children = (
				25BC489027B3EA900031E0D2 /* Receipt.swift */,
			);
			path = Model;
			sourceTree = "<group>";
		};
		25BC489427B3FCAB0031E0D2 /* Util */ = {
			isa = PBXGroup;
			children = (
				25BC489227B3F60A0031E0D2 /* PagingController.swift */,
				25BC489F27B6582E0031E0D2 /* Haptic.swift */,
			);
			path = Util;
			sourceTree = "<group>";
		};
		718F2274F4FA50C30F3F2F75 /* Frameworks */ = {
			isa = PBXGroup;
			children = (
				DB26A82CE44CC4D1D95902A8 /* Pods_ThanksReceipt.framework */,
				30161CA9D1F807C6C5674087 /* Pods_ThanksReceipt_ThanksReceiptUITests.framework */,
				E76E38ADD6D2A15681FD8C23 /* Pods_ThanksReceiptTests.framework */,
			);
			name = Frameworks;
			sourceTree = "<group>";
		};
/* End PBXGroup section */

/* Begin PBXNativeTarget section */
		259359FD27B24B0B00BD6A98 /* ThanksReceipt */ = {
			isa = PBXNativeTarget;
			buildConfigurationList = 25935A2227B24B0D00BD6A98 /* Build configuration list for PBXNativeTarget "ThanksReceipt" */;
			buildPhases = (
				7730A1897310D642FDAE6C92 /* [CP] Check Pods Manifest.lock */,
				259359FA27B24B0B00BD6A98 /* Sources */,
				259359FB27B24B0B00BD6A98 /* Frameworks */,
				259359FC27B24B0B00BD6A98 /* Resources */,
				1AB236AD035C59995566159E /* [CP] Embed Pods Frameworks */,
			);
			buildRules = (
			);
			dependencies = (
			);
			name = ThanksReceipt;
			productName = ThanksReceipt;
			productReference = 259359FE27B24B0B00BD6A98 /* ThanksReceipt.app */;
			productType = "com.apple.product-type.application";
		};
		25935A0D27B24B0D00BD6A98 /* ThanksReceiptTests */ = {
			isa = PBXNativeTarget;
			buildConfigurationList = 25935A2527B24B0D00BD6A98 /* Build configuration list for PBXNativeTarget "ThanksReceiptTests" */;
			buildPhases = (
				26806D47F52D60303EDA525A /* [CP] Check Pods Manifest.lock */,
				25935A0A27B24B0D00BD6A98 /* Sources */,
				25935A0B27B24B0D00BD6A98 /* Frameworks */,
				25935A0C27B24B0D00BD6A98 /* Resources */,
			);
			buildRules = (
			);
			dependencies = (
				25935A1027B24B0D00BD6A98 /* PBXTargetDependency */,
			);
			name = ThanksReceiptTests;
			productName = ThanksReceiptTests;
			productReference = 25935A0E27B24B0D00BD6A98 /* ThanksReceiptTests.xctest */;
			productType = "com.apple.product-type.bundle.unit-test";
		};
		25935A1727B24B0D00BD6A98 /* ThanksReceiptUITests */ = {
			isa = PBXNativeTarget;
			buildConfigurationList = 25935A2827B24B0D00BD6A98 /* Build configuration list for PBXNativeTarget "ThanksReceiptUITests" */;
			buildPhases = (
				5065FB1E0BEC82F21718DEF9 /* [CP] Check Pods Manifest.lock */,
				25935A1427B24B0D00BD6A98 /* Sources */,
				25935A1527B24B0D00BD6A98 /* Frameworks */,
				25935A1627B24B0D00BD6A98 /* Resources */,
				4654543980F86C2EC4F158ED /* [CP] Embed Pods Frameworks */,
			);
			buildRules = (
			);
			dependencies = (
				25935A1A27B24B0D00BD6A98 /* PBXTargetDependency */,
			);
			name = ThanksReceiptUITests;
			productName = ThanksReceiptUITests;
			productReference = 25935A1827B24B0D00BD6A98 /* ThanksReceiptUITests.xctest */;
			productType = "com.apple.product-type.bundle.ui-testing";
		};
/* End PBXNativeTarget section */

/* Begin PBXProject section */
		259359F627B24B0B00BD6A98 /* Project object */ = {
			isa = PBXProject;
			attributes = {
				BuildIndependentTargetsInParallel = 1;
				LastSwiftUpdateCheck = 1320;
				LastUpgradeCheck = 1320;
				TargetAttributes = {
					259359FD27B24B0B00BD6A98 = {
						CreatedOnToolsVersion = 13.2.1;
					};
					25935A0D27B24B0D00BD6A98 = {
						CreatedOnToolsVersion = 13.2.1;
						TestTargetID = 259359FD27B24B0B00BD6A98;
					};
					25935A1727B24B0D00BD6A98 = {
						CreatedOnToolsVersion = 13.2.1;
						TestTargetID = 259359FD27B24B0B00BD6A98;
					};
				};
			};
			buildConfigurationList = 259359F927B24B0B00BD6A98 /* Build configuration list for PBXProject "ThanksReceipt" */;
			compatibilityVersion = "Xcode 13.0";
			developmentRegion = en;
			hasScannedForEncodings = 0;
			knownRegions = (
				en,
				Base,
			);
			mainGroup = 259359F527B24B0B00BD6A98;
			productRefGroup = 259359FF27B24B0B00BD6A98 /* Products */;
			projectDirPath = "";
			projectRoot = "";
			targets = (
				259359FD27B24B0B00BD6A98 /* ThanksReceipt */,
				25935A0D27B24B0D00BD6A98 /* ThanksReceiptTests */,
				25935A1727B24B0D00BD6A98 /* ThanksReceiptUITests */,
			);
		};
/* End PBXProject section */

/* Begin PBXResourcesBuildPhase section */
		259359FC27B24B0B00BD6A98 /* Resources */ = {
			isa = PBXResourcesBuildPhase;
			buildActionMask = 2147483647;
			files = (
				25935A0927B24B0D00BD6A98 /* Preview Assets.xcassets in Resources */,
				25BC488927B354210031E0D2 /* DungGeunMo.otf in Resources */,
				25935A0627B24B0D00BD6A98 /* Assets.xcassets in Resources */,
			);
			runOnlyForDeploymentPostprocessing = 0;
		};
		25935A0C27B24B0D00BD6A98 /* Resources */ = {
			isa = PBXResourcesBuildPhase;
			buildActionMask = 2147483647;
			files = (
			);
			runOnlyForDeploymentPostprocessing = 0;
		};
		25935A1627B24B0D00BD6A98 /* Resources */ = {
			isa = PBXResourcesBuildPhase;
			buildActionMask = 2147483647;
			files = (
			);
			runOnlyForDeploymentPostprocessing = 0;
		};
/* End PBXResourcesBuildPhase section */

/* Begin PBXShellScriptBuildPhase section */
		1AB236AD035C59995566159E /* [CP] Embed Pods Frameworks */ = {
			isa = PBXShellScriptBuildPhase;
			buildActionMask = 2147483647;
			files = (
			);
			inputFileListPaths = (
				"${PODS_ROOT}/Target Support Files/Pods-ThanksReceipt/Pods-ThanksReceipt-frameworks-${CONFIGURATION}-input-files.xcfilelist",
			);
			name = "[CP] Embed Pods Frameworks";
			outputFileListPaths = (
				"${PODS_ROOT}/Target Support Files/Pods-ThanksReceipt/Pods-ThanksReceipt-frameworks-${CONFIGURATION}-output-files.xcfilelist",
			);
			runOnlyForDeploymentPostprocessing = 0;
			shellPath = /bin/sh;
			shellScript = "\"${PODS_ROOT}/Target Support Files/Pods-ThanksReceipt/Pods-ThanksReceipt-frameworks.sh\"\n";
			showEnvVarsInLog = 0;
		};
		26806D47F52D60303EDA525A /* [CP] Check Pods Manifest.lock */ = {
			isa = PBXShellScriptBuildPhase;
			buildActionMask = 2147483647;
			files = (
			);
			inputFileListPaths = (
			);
			inputPaths = (
				"${PODS_PODFILE_DIR_PATH}/Podfile.lock",
				"${PODS_ROOT}/Manifest.lock",
			);
			name = "[CP] Check Pods Manifest.lock";
			outputFileListPaths = (
			);
			outputPaths = (
				"$(DERIVED_FILE_DIR)/Pods-ThanksReceiptTests-checkManifestLockResult.txt",
			);
			runOnlyForDeploymentPostprocessing = 0;
			shellPath = /bin/sh;
			shellScript = "diff \"${PODS_PODFILE_DIR_PATH}/Podfile.lock\" \"${PODS_ROOT}/Manifest.lock\" > /dev/null\nif [ $? != 0 ] ; then\n    # print error to STDERR\n    echo \"error: The sandbox is not in sync with the Podfile.lock. Run 'pod install' or update your CocoaPods installation.\" >&2\n    exit 1\nfi\n# This output is used by Xcode 'outputs' to avoid re-running this script phase.\necho \"SUCCESS\" > \"${SCRIPT_OUTPUT_FILE_0}\"\n";
			showEnvVarsInLog = 0;
		};
		4654543980F86C2EC4F158ED /* [CP] Embed Pods Frameworks */ = {
			isa = PBXShellScriptBuildPhase;
			buildActionMask = 2147483647;
			files = (
			);
			inputFileListPaths = (
				"${PODS_ROOT}/Target Support Files/Pods-ThanksReceipt-ThanksReceiptUITests/Pods-ThanksReceipt-ThanksReceiptUITests-frameworks-${CONFIGURATION}-input-files.xcfilelist",
			);
			name = "[CP] Embed Pods Frameworks";
			outputFileListPaths = (
				"${PODS_ROOT}/Target Support Files/Pods-ThanksReceipt-ThanksReceiptUITests/Pods-ThanksReceipt-ThanksReceiptUITests-frameworks-${CONFIGURATION}-output-files.xcfilelist",
			);
			runOnlyForDeploymentPostprocessing = 0;
			shellPath = /bin/sh;
			shellScript = "\"${PODS_ROOT}/Target Support Files/Pods-ThanksReceipt-ThanksReceiptUITests/Pods-ThanksReceipt-ThanksReceiptUITests-frameworks.sh\"\n";
			showEnvVarsInLog = 0;
		};
		5065FB1E0BEC82F21718DEF9 /* [CP] Check Pods Manifest.lock */ = {
			isa = PBXShellScriptBuildPhase;
			buildActionMask = 2147483647;
			files = (
			);
			inputFileListPaths = (
			);
			inputPaths = (
				"${PODS_PODFILE_DIR_PATH}/Podfile.lock",
				"${PODS_ROOT}/Manifest.lock",
			);
			name = "[CP] Check Pods Manifest.lock";
			outputFileListPaths = (
			);
			outputPaths = (
				"$(DERIVED_FILE_DIR)/Pods-ThanksReceipt-ThanksReceiptUITests-checkManifestLockResult.txt",
			);
			runOnlyForDeploymentPostprocessing = 0;
			shellPath = /bin/sh;
			shellScript = "diff \"${PODS_PODFILE_DIR_PATH}/Podfile.lock\" \"${PODS_ROOT}/Manifest.lock\" > /dev/null\nif [ $? != 0 ] ; then\n    # print error to STDERR\n    echo \"error: The sandbox is not in sync with the Podfile.lock. Run 'pod install' or update your CocoaPods installation.\" >&2\n    exit 1\nfi\n# This output is used by Xcode 'outputs' to avoid re-running this script phase.\necho \"SUCCESS\" > \"${SCRIPT_OUTPUT_FILE_0}\"\n";
			showEnvVarsInLog = 0;
		};
		7730A1897310D642FDAE6C92 /* [CP] Check Pods Manifest.lock */ = {
			isa = PBXShellScriptBuildPhase;
			buildActionMask = 2147483647;
			files = (
			);
			inputFileListPaths = (
			);
			inputPaths = (
				"${PODS_PODFILE_DIR_PATH}/Podfile.lock",
				"${PODS_ROOT}/Manifest.lock",
			);
			name = "[CP] Check Pods Manifest.lock";
			outputFileListPaths = (
			);
			outputPaths = (
				"$(DERIVED_FILE_DIR)/Pods-ThanksReceipt-checkManifestLockResult.txt",
			);
			runOnlyForDeploymentPostprocessing = 0;
			shellPath = /bin/sh;
			shellScript = "diff \"${PODS_PODFILE_DIR_PATH}/Podfile.lock\" \"${PODS_ROOT}/Manifest.lock\" > /dev/null\nif [ $? != 0 ] ; then\n    # print error to STDERR\n    echo \"error: The sandbox is not in sync with the Podfile.lock. Run 'pod install' or update your CocoaPods installation.\" >&2\n    exit 1\nfi\n# This output is used by Xcode 'outputs' to avoid re-running this script phase.\necho \"SUCCESS\" > \"${SCRIPT_OUTPUT_FILE_0}\"\n";
			showEnvVarsInLog = 0;
		};
/* End PBXShellScriptBuildPhase section */

/* Begin PBXSourcesBuildPhase section */
		259359FA27B24B0B00BD6A98 /* Sources */ = {
			isa = PBXSourcesBuildPhase;
			buildActionMask = 2147483647;
			files = (
				25BC48A027B6582E0031E0D2 /* Haptic.swift in Sources */,
				25BC489127B3EA900031E0D2 /* Receipt.swift in Sources */,
				25935A3327B25A9900BD6A98 /* DataProviding.swift in Sources */,
				25935A2D27B24D7100BD6A98 /* ReceiptItem.swift in Sources */,
				25BC489E27B5F4C40031E0D2 /* ReceiptItemRow.swift in Sources */,
				25BC489327B3F60A0031E0D2 /* PagingController.swift in Sources */,
				25BC48A227B658590031E0D2 /* Blur.swift in Sources */,
				25935A3627B25DF600BD6A98 /* ReceiptView.swift in Sources */,
				25935A3927B25E0900BD6A98 /* ReceiptModel.swift in Sources */,
				25935A3027B25A8500BD6A98 /* DataProvider.swift in Sources */,
				25BC489C27B5F4010031E0D2 /* ReceiptFooter.swift in Sources */,
				25BC489A27B5F3F80031E0D2 /* ReceiptHeader.swift in Sources */,
				25BC488D27B3552B0031E0D2 /* CustomFontModifier.swift in Sources */,
				25935A3B27B25EC200BD6A98 /* ReceiptInputView.swift in Sources */,
				25BC489827B5F1D60031E0D2 /* LineStroke.swift in Sources */,
				25935A0227B24B0B00BD6A98 /* ThanksReceiptApp.swift in Sources */,
				25935A3D27B25ECE00BD6A98 /* ReceiptInputModel.swift in Sources */,
			);
			runOnlyForDeploymentPostprocessing = 0;
		};
		25935A0A27B24B0D00BD6A98 /* Sources */ = {
			isa = PBXSourcesBuildPhase;
			buildActionMask = 2147483647;
			files = (
				25935A1327B24B0D00BD6A98 /* ThanksReceiptTests.swift in Sources */,
			);
			runOnlyForDeploymentPostprocessing = 0;
		};
		25935A1427B24B0D00BD6A98 /* Sources */ = {
			isa = PBXSourcesBuildPhase;
			buildActionMask = 2147483647;
			files = (
				25935A1F27B24B0D00BD6A98 /* ThanksReceiptUITestsLaunchTests.swift in Sources */,
				25935A1D27B24B0D00BD6A98 /* ThanksReceiptUITests.swift in Sources */,
			);
			runOnlyForDeploymentPostprocessing = 0;
		};
/* End PBXSourcesBuildPhase section */

/* Begin PBXTargetDependency section */
		25935A1027B24B0D00BD6A98 /* PBXTargetDependency */ = {
			isa = PBXTargetDependency;
			target = 259359FD27B24B0B00BD6A98 /* ThanksReceipt */;
			targetProxy = 25935A0F27B24B0D00BD6A98 /* PBXContainerItemProxy */;
		};
		25935A1A27B24B0D00BD6A98 /* PBXTargetDependency */ = {
			isa = PBXTargetDependency;
			target = 259359FD27B24B0B00BD6A98 /* ThanksReceipt */;
			targetProxy = 25935A1927B24B0D00BD6A98 /* PBXContainerItemProxy */;
		};
/* End PBXTargetDependency section */

/* Begin XCBuildConfiguration section */
		25935A2027B24B0D00BD6A98 /* Debug */ = {
			isa = XCBuildConfiguration;
			buildSettings = {
				ALWAYS_SEARCH_USER_PATHS = NO;
				CLANG_ANALYZER_NONNULL = YES;
				CLANG_ANALYZER_NUMBER_OBJECT_CONVERSION = YES_AGGRESSIVE;
				CLANG_CXX_LANGUAGE_STANDARD = "gnu++17";
				CLANG_CXX_LIBRARY = "libc++";
				CLANG_ENABLE_MODULES = YES;
				CLANG_ENABLE_OBJC_ARC = YES;
				CLANG_ENABLE_OBJC_WEAK = YES;
				CLANG_WARN_BLOCK_CAPTURE_AUTORELEASING = YES;
				CLANG_WARN_BOOL_CONVERSION = YES;
				CLANG_WARN_COMMA = YES;
				CLANG_WARN_CONSTANT_CONVERSION = YES;
				CLANG_WARN_DEPRECATED_OBJC_IMPLEMENTATIONS = YES;
				CLANG_WARN_DIRECT_OBJC_ISA_USAGE = YES_ERROR;
				CLANG_WARN_DOCUMENTATION_COMMENTS = YES;
				CLANG_WARN_EMPTY_BODY = YES;
				CLANG_WARN_ENUM_CONVERSION = YES;
				CLANG_WARN_INFINITE_RECURSION = YES;
				CLANG_WARN_INT_CONVERSION = YES;
				CLANG_WARN_NON_LITERAL_NULL_CONVERSION = YES;
				CLANG_WARN_OBJC_IMPLICIT_RETAIN_SELF = YES;
				CLANG_WARN_OBJC_LITERAL_CONVERSION = YES;
				CLANG_WARN_OBJC_ROOT_CLASS = YES_ERROR;
				CLANG_WARN_QUOTED_INCLUDE_IN_FRAMEWORK_HEADER = YES;
				CLANG_WARN_RANGE_LOOP_ANALYSIS = YES;
				CLANG_WARN_STRICT_PROTOTYPES = YES;
				CLANG_WARN_SUSPICIOUS_MOVE = YES;
				CLANG_WARN_UNGUARDED_AVAILABILITY = YES_AGGRESSIVE;
				CLANG_WARN_UNREACHABLE_CODE = YES;
				CLANG_WARN__DUPLICATE_METHOD_MATCH = YES;
				COPY_PHASE_STRIP = NO;
				DEBUG_INFORMATION_FORMAT = dwarf;
				ENABLE_STRICT_OBJC_MSGSEND = YES;
				ENABLE_TESTABILITY = YES;
				GCC_C_LANGUAGE_STANDARD = gnu11;
				GCC_DYNAMIC_NO_PIC = NO;
				GCC_NO_COMMON_BLOCKS = YES;
				GCC_OPTIMIZATION_LEVEL = 0;
				GCC_PREPROCESSOR_DEFINITIONS = (
					"DEBUG=1",
					"$(inherited)",
				);
				GCC_WARN_64_TO_32_BIT_CONVERSION = YES;
				GCC_WARN_ABOUT_RETURN_TYPE = YES_ERROR;
				GCC_WARN_UNDECLARED_SELECTOR = YES;
				GCC_WARN_UNINITIALIZED_AUTOS = YES_AGGRESSIVE;
				GCC_WARN_UNUSED_FUNCTION = YES;
				GCC_WARN_UNUSED_VARIABLE = YES;
				IPHONEOS_DEPLOYMENT_TARGET = 15.2;
				MTL_ENABLE_DEBUG_INFO = INCLUDE_SOURCE;
				MTL_FAST_MATH = YES;
				ONLY_ACTIVE_ARCH = YES;
				SDKROOT = iphoneos;
				SWIFT_ACTIVE_COMPILATION_CONDITIONS = DEBUG;
				SWIFT_OPTIMIZATION_LEVEL = "-Onone";
			};
			name = Debug;
		};
		25935A2127B24B0D00BD6A98 /* Release */ = {
			isa = XCBuildConfiguration;
			buildSettings = {
				ALWAYS_SEARCH_USER_PATHS = NO;
				CLANG_ANALYZER_NONNULL = YES;
				CLANG_ANALYZER_NUMBER_OBJECT_CONVERSION = YES_AGGRESSIVE;
				CLANG_CXX_LANGUAGE_STANDARD = "gnu++17";
				CLANG_CXX_LIBRARY = "libc++";
				CLANG_ENABLE_MODULES = YES;
				CLANG_ENABLE_OBJC_ARC = YES;
				CLANG_ENABLE_OBJC_WEAK = YES;
				CLANG_WARN_BLOCK_CAPTURE_AUTORELEASING = YES;
				CLANG_WARN_BOOL_CONVERSION = YES;
				CLANG_WARN_COMMA = YES;
				CLANG_WARN_CONSTANT_CONVERSION = YES;
				CLANG_WARN_DEPRECATED_OBJC_IMPLEMENTATIONS = YES;
				CLANG_WARN_DIRECT_OBJC_ISA_USAGE = YES_ERROR;
				CLANG_WARN_DOCUMENTATION_COMMENTS = YES;
				CLANG_WARN_EMPTY_BODY = YES;
				CLANG_WARN_ENUM_CONVERSION = YES;
				CLANG_WARN_INFINITE_RECURSION = YES;
				CLANG_WARN_INT_CONVERSION = YES;
				CLANG_WARN_NON_LITERAL_NULL_CONVERSION = YES;
				CLANG_WARN_OBJC_IMPLICIT_RETAIN_SELF = YES;
				CLANG_WARN_OBJC_LITERAL_CONVERSION = YES;
				CLANG_WARN_OBJC_ROOT_CLASS = YES_ERROR;
				CLANG_WARN_QUOTED_INCLUDE_IN_FRAMEWORK_HEADER = YES;
				CLANG_WARN_RANGE_LOOP_ANALYSIS = YES;
				CLANG_WARN_STRICT_PROTOTYPES = YES;
				CLANG_WARN_SUSPICIOUS_MOVE = YES;
				CLANG_WARN_UNGUARDED_AVAILABILITY = YES_AGGRESSIVE;
				CLANG_WARN_UNREACHABLE_CODE = YES;
				CLANG_WARN__DUPLICATE_METHOD_MATCH = YES;
				COPY_PHASE_STRIP = NO;
				DEBUG_INFORMATION_FORMAT = "dwarf-with-dsym";
				ENABLE_NS_ASSERTIONS = NO;
				ENABLE_STRICT_OBJC_MSGSEND = YES;
				GCC_C_LANGUAGE_STANDARD = gnu11;
				GCC_NO_COMMON_BLOCKS = YES;
				GCC_WARN_64_TO_32_BIT_CONVERSION = YES;
				GCC_WARN_ABOUT_RETURN_TYPE = YES_ERROR;
				GCC_WARN_UNDECLARED_SELECTOR = YES;
				GCC_WARN_UNINITIALIZED_AUTOS = YES_AGGRESSIVE;
				GCC_WARN_UNUSED_FUNCTION = YES;
				GCC_WARN_UNUSED_VARIABLE = YES;
				IPHONEOS_DEPLOYMENT_TARGET = 15.2;
				MTL_ENABLE_DEBUG_INFO = NO;
				MTL_FAST_MATH = YES;
				SDKROOT = iphoneos;
				SWIFT_COMPILATION_MODE = wholemodule;
				SWIFT_OPTIMIZATION_LEVEL = "-O";
				VALIDATE_PRODUCT = YES;
			};
			name = Release;
		};
		25935A2327B24B0D00BD6A98 /* Debug */ = {
			isa = XCBuildConfiguration;
			baseConfigurationReference = 6E9BDE8409AC6428F2B3C825 /* Pods-ThanksReceipt.debug.xcconfig */;
			buildSettings = {
				ASSETCATALOG_COMPILER_APPICON_NAME = AppIcon;
				ASSETCATALOG_COMPILER_GLOBAL_ACCENT_COLOR_NAME = AccentColor;
				CODE_SIGN_STYLE = Automatic;
				CURRENT_PROJECT_VERSION = 1;
				DEVELOPMENT_ASSET_PATHS = "\"ThanksReceipt/Preview Content\"";
				DEVELOPMENT_TEAM = 3TH3PN3T66;
				ENABLE_PREVIEWS = YES;
				GENERATE_INFOPLIST_FILE = YES;
				INFOPLIST_FILE = ThanksReceipt/Info.plist;
				INFOPLIST_KEY_UIApplicationSceneManifest_Generation = YES;
				INFOPLIST_KEY_UIApplicationSupportsIndirectInputEvents = YES;
				INFOPLIST_KEY_UILaunchScreen_Generation = YES;
				INFOPLIST_KEY_UISupportedInterfaceOrientations_iPad = "UIInterfaceOrientationPortrait UIInterfaceOrientationPortraitUpsideDown UIInterfaceOrientationLandscapeLeft UIInterfaceOrientationLandscapeRight";
				INFOPLIST_KEY_UISupportedInterfaceOrientations_iPhone = "UIInterfaceOrientationPortrait UIInterfaceOrientationLandscapeLeft UIInterfaceOrientationLandscapeRight";
				IPHONEOS_DEPLOYMENT_TARGET = 14.0;
				LD_RUNPATH_SEARCH_PATHS = (
					"$(inherited)",
					"@executable_path/Frameworks",
				);
				MARKETING_VERSION = 1.0;
				PRODUCT_BUNDLE_IDENTIFIER = com.jsdong.ThanksReceipt;
				PRODUCT_NAME = "$(TARGET_NAME)";
				SWIFT_EMIT_LOC_STRINGS = YES;
				SWIFT_VERSION = 5.0;
				TARGETED_DEVICE_FAMILY = "1,2";
			};
			name = Debug;
		};
		25935A2427B24B0D00BD6A98 /* Release */ = {
			isa = XCBuildConfiguration;
			baseConfigurationReference = 2779DE4EF50BB24ABB0A6B72 /* Pods-ThanksReceipt.release.xcconfig */;
			buildSettings = {
				ASSETCATALOG_COMPILER_APPICON_NAME = AppIcon;
				ASSETCATALOG_COMPILER_GLOBAL_ACCENT_COLOR_NAME = AccentColor;
				CODE_SIGN_STYLE = Automatic;
				CURRENT_PROJECT_VERSION = 1;
				DEVELOPMENT_ASSET_PATHS = "\"ThanksReceipt/Preview Content\"";
				DEVELOPMENT_TEAM = 3TH3PN3T66;
				ENABLE_PREVIEWS = YES;
				GENERATE_INFOPLIST_FILE = YES;
				INFOPLIST_FILE = ThanksReceipt/Info.plist;
				INFOPLIST_KEY_UIApplicationSceneManifest_Generation = YES;
				INFOPLIST_KEY_UIApplicationSupportsIndirectInputEvents = YES;
				INFOPLIST_KEY_UILaunchScreen_Generation = YES;
				INFOPLIST_KEY_UISupportedInterfaceOrientations_iPad = "UIInterfaceOrientationPortrait UIInterfaceOrientationPortraitUpsideDown UIInterfaceOrientationLandscapeLeft UIInterfaceOrientationLandscapeRight";
				INFOPLIST_KEY_UISupportedInterfaceOrientations_iPhone = "UIInterfaceOrientationPortrait UIInterfaceOrientationLandscapeLeft UIInterfaceOrientationLandscapeRight";
				IPHONEOS_DEPLOYMENT_TARGET = 14.0;
				LD_RUNPATH_SEARCH_PATHS = (
					"$(inherited)",
					"@executable_path/Frameworks",
				);
				MARKETING_VERSION = 1.0;
				PRODUCT_BUNDLE_IDENTIFIER = com.jsdong.ThanksReceipt;
				PRODUCT_NAME = "$(TARGET_NAME)";
				SWIFT_EMIT_LOC_STRINGS = YES;
				SWIFT_VERSION = 5.0;
				TARGETED_DEVICE_FAMILY = "1,2";
			};
			name = Release;
		};
		25935A2627B24B0D00BD6A98 /* Debug */ = {
			isa = XCBuildConfiguration;
			baseConfigurationReference = 43B9255E90E596ED5E92489A /* Pods-ThanksReceiptTests.debug.xcconfig */;
			buildSettings = {
				ALWAYS_EMBED_SWIFT_STANDARD_LIBRARIES = YES;
				BUNDLE_LOADER = "$(TEST_HOST)";
				CODE_SIGN_STYLE = Automatic;
				CURRENT_PROJECT_VERSION = 1;
				DEVELOPMENT_TEAM = 3TH3PN3T66;
				GENERATE_INFOPLIST_FILE = YES;
				IPHONEOS_DEPLOYMENT_TARGET = 15.2;
				MARKETING_VERSION = 1.0;
				PRODUCT_BUNDLE_IDENTIFIER = com.jsdong.ThanksReceiptTests;
				PRODUCT_NAME = "$(TARGET_NAME)";
				SWIFT_EMIT_LOC_STRINGS = NO;
				SWIFT_VERSION = 5.0;
				TARGETED_DEVICE_FAMILY = "1,2";
				TEST_HOST = "$(BUILT_PRODUCTS_DIR)/ThanksReceipt.app/ThanksReceipt";
			};
			name = Debug;
		};
		25935A2727B24B0D00BD6A98 /* Release */ = {
			isa = XCBuildConfiguration;
			baseConfigurationReference = 4D5213F43EDBD2145DAE70A4 /* Pods-ThanksReceiptTests.release.xcconfig */;
			buildSettings = {
				ALWAYS_EMBED_SWIFT_STANDARD_LIBRARIES = YES;
				BUNDLE_LOADER = "$(TEST_HOST)";
				CODE_SIGN_STYLE = Automatic;
				CURRENT_PROJECT_VERSION = 1;
				DEVELOPMENT_TEAM = 3TH3PN3T66;
				GENERATE_INFOPLIST_FILE = YES;
				IPHONEOS_DEPLOYMENT_TARGET = 15.2;
				MARKETING_VERSION = 1.0;
				PRODUCT_BUNDLE_IDENTIFIER = com.jsdong.ThanksReceiptTests;
				PRODUCT_NAME = "$(TARGET_NAME)";
				SWIFT_EMIT_LOC_STRINGS = NO;
				SWIFT_VERSION = 5.0;
				TARGETED_DEVICE_FAMILY = "1,2";
				TEST_HOST = "$(BUILT_PRODUCTS_DIR)/ThanksReceipt.app/ThanksReceipt";
			};
			name = Release;
		};
		25935A2927B24B0D00BD6A98 /* Debug */ = {
			isa = XCBuildConfiguration;
			baseConfigurationReference = A2B2262D4D8D880605038ECA /* Pods-ThanksReceipt-ThanksReceiptUITests.debug.xcconfig */;
			buildSettings = {
				ALWAYS_EMBED_SWIFT_STANDARD_LIBRARIES = YES;
				CODE_SIGN_STYLE = Automatic;
				CURRENT_PROJECT_VERSION = 1;
				DEVELOPMENT_TEAM = 3TH3PN3T66;
				GENERATE_INFOPLIST_FILE = YES;
				MARKETING_VERSION = 1.0;
				PRODUCT_BUNDLE_IDENTIFIER = com.jsdong.ThanksReceiptUITests;
				PRODUCT_NAME = "$(TARGET_NAME)";
				SWIFT_EMIT_LOC_STRINGS = NO;
				SWIFT_VERSION = 5.0;
				TARGETED_DEVICE_FAMILY = "1,2";
				TEST_TARGET_NAME = ThanksReceipt;
			};
			name = Debug;
		};
		25935A2A27B24B0D00BD6A98 /* Release */ = {
			isa = XCBuildConfiguration;
			baseConfigurationReference = 5CD36389612653F00AD71BFC /* Pods-ThanksReceipt-ThanksReceiptUITests.release.xcconfig */;
			buildSettings = {
				ALWAYS_EMBED_SWIFT_STANDARD_LIBRARIES = YES;
				CODE_SIGN_STYLE = Automatic;
				CURRENT_PROJECT_VERSION = 1;
				DEVELOPMENT_TEAM = 3TH3PN3T66;
				GENERATE_INFOPLIST_FILE = YES;
				MARKETING_VERSION = 1.0;
				PRODUCT_BUNDLE_IDENTIFIER = com.jsdong.ThanksReceiptUITests;
				PRODUCT_NAME = "$(TARGET_NAME)";
				SWIFT_EMIT_LOC_STRINGS = NO;
				SWIFT_VERSION = 5.0;
				TARGETED_DEVICE_FAMILY = "1,2";
				TEST_TARGET_NAME = ThanksReceipt;
			};
			name = Release;
		};
/* End XCBuildConfiguration section */

/* Begin XCConfigurationList section */
		259359F927B24B0B00BD6A98 /* Build configuration list for PBXProject "ThanksReceipt" */ = {
			isa = XCConfigurationList;
			buildConfigurations = (
				25935A2027B24B0D00BD6A98 /* Debug */,
				25935A2127B24B0D00BD6A98 /* Release */,
			);
			defaultConfigurationIsVisible = 0;
			defaultConfigurationName = Release;
		};
		25935A2227B24B0D00BD6A98 /* Build configuration list for PBXNativeTarget "ThanksReceipt" */ = {
			isa = XCConfigurationList;
			buildConfigurations = (
				25935A2327B24B0D00BD6A98 /* Debug */,
				25935A2427B24B0D00BD6A98 /* Release */,
			);
			defaultConfigurationIsVisible = 0;
			defaultConfigurationName = Release;
		};
		25935A2527B24B0D00BD6A98 /* Build configuration list for PBXNativeTarget "ThanksReceiptTests" */ = {
			isa = XCConfigurationList;
			buildConfigurations = (
				25935A2627B24B0D00BD6A98 /* Debug */,
				25935A2727B24B0D00BD6A98 /* Release */,
			);
			defaultConfigurationIsVisible = 0;
			defaultConfigurationName = Release;
		};
		25935A2827B24B0D00BD6A98 /* Build configuration list for PBXNativeTarget "ThanksReceiptUITests" */ = {
			isa = XCConfigurationList;
			buildConfigurations = (
				25935A2927B24B0D00BD6A98 /* Debug */,
				25935A2A27B24B0D00BD6A98 /* Release */,
			);
			defaultConfigurationIsVisible = 0;
			defaultConfigurationName = Release;
		};
/* End XCConfigurationList section */
	};
	rootObject = 259359F627B24B0B00BD6A98 /* Project object */;
}
